// !$*UTF8*$!
{
	archiveVersion = 1;
	classes = {
	};
	objectVersion = 56;
	objects = {

/* Begin PBXBuildFile section */
		F310F63829C8D02E006DB727 /* Docs_ExamplesApp.swift in Sources */ = {isa = PBXBuildFile; fileRef = F310F63729C8D02E006DB727 /* Docs_ExamplesApp.swift */; };
		F310F63A29C8D02E006DB727 /* ContentView.swift in Sources */ = {isa = PBXBuildFile; fileRef = F310F63929C8D02E006DB727 /* ContentView.swift */; };
		F310F63C29C8D031006DB727 /* Assets.xcassets in Resources */ = {isa = PBXBuildFile; fileRef = F310F63B29C8D031006DB727 /* Assets.xcassets */; };
		F310F63F29C8D031006DB727 /* Preview Assets.xcassets in Resources */ = {isa = PBXBuildFile; fileRef = F310F63E29C8D031006DB727 /* Preview Assets.xcassets */; };
		F31BF8712A6BB69A002E7AC2 /* GeofencingView.swift in Sources */ = {isa = PBXBuildFile; fileRef = F31BF86F2A6BB69A002E7AC2 /* GeofencingView.swift */; };
		F31BF8762A6C3E56002E7AC2 /* GeofenceInputView.swift in Sources */ = {isa = PBXBuildFile; fileRef = F31BF8752A6C3E56002E7AC2 /* GeofenceInputView.swift */; };
		F31BF87A2A6E4A09002E7AC2 /* MediaStreamInputView.swift in Sources */ = {isa = PBXBuildFile; fileRef = F31BF8792A6E4A09002E7AC2 /* MediaStreamInputView.swift */; };
		F31BF87D2A6E4C91002E7AC2 /* StreamMediaView.swift in Sources */ = {isa = PBXBuildFile; fileRef = F31BF87C2A6E4C91002E7AC2 /* StreamMediaView.swift */; };
		F31BF87F2A6E8DEF002E7AC2 /* ReplayKit in Frameworks */ = {isa = PBXBuildFile; productRef = F31BF87E2A6E8DEF002E7AC2 /* ReplayKit */; };
		F31BF8812A6E9105002E7AC2 /* MediaPicker.swift in Sources */ = {isa = PBXBuildFile; fileRef = F31BF8802A6E9105002E7AC2 /* MediaPicker.swift */; };
		F31BF8862A6EC37F002E7AC2 /* Localizable.strings in Resources */ = {isa = PBXBuildFile; fileRef = F31BF8892A6EC37F002E7AC2 /* Localizable.strings */; };
		F31BF8872A6EC37F002E7AC2 /* Localizable.strings in Resources */ = {isa = PBXBuildFile; fileRef = F31BF8892A6EC37F002E7AC2 /* Localizable.strings */; };
		F32AF89A2A8A9A7B00A27ED1 /* MultiChannelInputView.swift in Sources */ = {isa = PBXBuildFile; fileRef = F32AF8992A8A9A7B00A27ED1 /* MultiChannelInputView.swift */; };
		F32AF8A02A8A9D1B00A27ED1 /* ChannelRelayView.swift in Sources */ = {isa = PBXBuildFile; fileRef = F32AF89E2A8A9D1A00A27ED1 /* ChannelRelayView.swift */; };
		F34266592A6AD2960086B920 /* RawMediaProcessingView.swift in Sources */ = {isa = PBXBuildFile; fileRef = F34266582A6AD2960086B920 /* RawMediaProcessingView.swift */; };
		F342665D2A6AD3690086B920 /* ModifyVideoFrameDelegate.swift in Sources */ = {isa = PBXBuildFile; fileRef = F342665C2A6AD3690086B920 /* ModifyVideoFrameDelegate.swift */; };
		F344ED9A2A45942B00B3C313 /* AgoraCameraSourcePush.swift in Sources */ = {isa = PBXBuildFile; fileRef = F344ED982A45942A00B3C313 /* AgoraCameraSourcePush.swift */; };
		F344ED9B2A45942B00B3C313 /* CustomAudioVideoView.swift in Sources */ = {isa = PBXBuildFile; fileRef = F344ED992A45942A00B3C313 /* CustomAudioVideoView.swift */; };
		F344ED9E2A494CE700B3C313 /* CustomCameraInputView.swift in Sources */ = {isa = PBXBuildFile; fileRef = F344ED9D2A494CE700B3C313 /* CustomCameraInputView.swift */; };
		F344EDA02A496FF400B3C313 /* AgoraCustomVideoCanvasView.swift in Sources */ = {isa = PBXBuildFile; fileRef = F344ED9F2A496FF400B3C313 /* AgoraCustomVideoCanvasView.swift */; };
		F348B3972A4D7BDC00AF6B9B /* config.json in Resources */ = {isa = PBXBuildFile; fileRef = F348B3962A4D7BDC00AF6B9B /* config.json */; };
		F35967182A5C35FE005CEE79 /* RtcBasic in Frameworks */ = {isa = PBXBuildFile; productRef = F35967172A5C35FE005CEE79 /* RtcBasic */; };
		F35967322A5C3A66005CEE79 /* ReplayKit in Frameworks */ = {isa = PBXBuildFile; productRef = F35967312A5C3A66005CEE79 /* ReplayKit */; };
		F35A42802A6973F300FF93D5 /* NavigationLazyView.swift in Sources */ = {isa = PBXBuildFile; fileRef = F35A427F2A6973F300FF93D5 /* NavigationLazyView.swift */; };
		F35A42822A69750400FF93D5 /* VisualEffectView.swift in Sources */ = {isa = PBXBuildFile; fileRef = F35A42812A69750300FF93D5 /* VisualEffectView.swift */; };
		F3A88CCE2A1DE629000B2292 /* GettingStartedView.swift in Sources */ = {isa = PBXBuildFile; fileRef = F3A88CCC2A1DE629000B2292 /* GettingStartedView.swift */; };
		F3A88CD42A1DE645000B2292 /* CallQualityView.swift in Sources */ = {isa = PBXBuildFile; fileRef = F3A88CD22A1DE645000B2292 /* CallQualityView.swift */; };
		F3A88CD92A1DE663000B2292 /* TokenAuthenticationView.swift in Sources */ = {isa = PBXBuildFile; fileRef = F3A88CD72A1DE663000B2292 /* TokenAuthenticationView.swift */; };
		F3A88CE22A1DF2F1000B2292 /* ScreenShareAndVolumeView.swift in Sources */ = {isa = PBXBuildFile; fileRef = F3A88CE02A1DF2F1000B2292 /* ScreenShareAndVolumeView.swift */; };
		F3A88CEB2A1E0405000B2292 /* ReplayKit.framework in Frameworks */ = {isa = PBXBuildFile; fileRef = F3A88CEA2A1E0405000B2292 /* ReplayKit.framework */; };
		F3A88CEE2A1E0405000B2292 /* SampleHandler.swift in Sources */ = {isa = PBXBuildFile; fileRef = F3A88CED2A1E0405000B2292 /* SampleHandler.swift */; };
		F3A88CF32A1E0405000B2292 /* screenSharer.appex in Embed Foundation Extensions */ = {isa = PBXBuildFile; fileRef = F3A88CE82A1E0405000B2292 /* screenSharer.appex */; settings = {ATTRIBUTES = (RemoveHeadersOnCopy, ); }; };
		F3A88CFD2A1E17E0000B2292 /* RPSystemBroadcastPickerWrapper.swift in Sources */ = {isa = PBXBuildFile; fileRef = F3A88CFC2A1E17E0000B2292 /* RPSystemBroadcastPickerWrapper.swift */; };
		F3C06BB32A4D85FC00F59BC2 /* config.json in Resources */ = {isa = PBXBuildFile; fileRef = F348B3962A4D7BDC00AF6B9B /* config.json */; };
		F3C06BB52A4D861200F59BC2 /* DocsAppConfig.swift in Sources */ = {isa = PBXBuildFile; fileRef = F3C06BB42A4D861200F59BC2 /* DocsAppConfig.swift */; };
		F3C06BB62A4D863B00F59BC2 /* DocsAppConfig.swift in Sources */ = {isa = PBXBuildFile; fileRef = F3C06BB42A4D861200F59BC2 /* DocsAppConfig.swift */; };
		F3C571C229C8E50E0002B322 /* RtcBasic in Frameworks */ = {isa = PBXBuildFile; productRef = F3C571C129C8E50E0002B322 /* RtcBasic */; };
		F3CA2CDB29C97AF400561441 /* Documentation.docc in Sources */ = {isa = PBXBuildFile; fileRef = F3CA2CDA29C97AF400561441 /* Documentation.docc */; };
		F3CA2CE429CB00F400561441 /* AgoraVideoCanvasView.swift in Sources */ = {isa = PBXBuildFile; fileRef = F3CA2CE329CB00F400561441 /* AgoraVideoCanvasView.swift */; };
		F3D7BD4729DB30680014DEC0 /* AgoraManager.swift in Sources */ = {isa = PBXBuildFile; fileRef = F3D7BD4629DB30680014DEC0 /* AgoraManager.swift */; };
		F3D7BD4F29DB42D00014DEC0 /* ChannelInputView.swift in Sources */ = {isa = PBXBuildFile; fileRef = F3D7BD4E29DB42D00014DEC0 /* ChannelInputView.swift */; };
		F3D7BD5129DB46BB0014DEC0 /* TokenAuthInputView.swift in Sources */ = {isa = PBXBuildFile; fileRef = F3D7BD5029DB46BB0014DEC0 /* TokenAuthInputView.swift */; };
		F3E59CBB2A57257300EC2B2E /* View+Extensions.swift in Sources */ = {isa = PBXBuildFile; fileRef = F3E59CBA2A57257300EC2B2E /* View+Extensions.swift */; };
		F3E8E6F42A42E56E00E6B774 /* MediaEncryptionView.swift in Sources */ = {isa = PBXBuildFile; fileRef = F3E8E6F22A42E56E00E6B774 /* MediaEncryptionView.swift */; };
		F3E8E6F92A42EAD100E6B774 /* CloudProxyView.swift in Sources */ = {isa = PBXBuildFile; fileRef = F3E8E6F72A42EAD100E6B774 /* CloudProxyView.swift */; };
		F3E8E6FB2A42F60500E6B774 /* ProxyInputView.swift in Sources */ = {isa = PBXBuildFile; fileRef = F3E8E6FA2A42F60500E6B774 /* ProxyInputView.swift */; };
		F3E8E6FD2A43E8AD00E6B774 /* EncryptionKeysInputView.swift in Sources */ = {isa = PBXBuildFile; fileRef = F3E8E6FC2A43E8AD00E6B774 /* EncryptionKeysInputView.swift */; };
		F3F1046C2A73CFB200220C3A /* GitHubButtonView.swift in Sources */ = {isa = PBXBuildFile; fileRef = F3F1046B2A73CFB200220C3A /* GitHubButtonView.swift */; };
		F3FBDEA32A6BA94A00DAB164 /* ModifyAudioFrameDelegate.swift in Sources */ = {isa = PBXBuildFile; fileRef = F3FBDEA22A6BA94A00DAB164 /* ModifyAudioFrameDelegate.swift */; };
/* End PBXBuildFile section */

/* Begin PBXContainerItemProxy section */
		F3A88CF02A1E0405000B2292 /* PBXContainerItemProxy */ = {
			isa = PBXContainerItemProxy;
			containerPortal = F310F62C29C8D02E006DB727 /* Project object */;
			proxyType = 1;
			remoteGlobalIDString = F3A88CE72A1E0405000B2292;
			remoteInfo = screenSharer;
		};
/* End PBXContainerItemProxy section */

/* Begin PBXCopyFilesBuildPhase section */
		F3A88CF22A1E0405000B2292 /* Embed Foundation Extensions */ = {
			isa = PBXCopyFilesBuildPhase;
			buildActionMask = 2147483647;
			dstPath = "";
			dstSubfolderSpec = 13;
			files = (
				F3A88CF32A1E0405000B2292 /* screenSharer.appex in Embed Foundation Extensions */,
			);
			name = "Embed Foundation Extensions";
			runOnlyForDeploymentPostprocessing = 0;
		};
/* End PBXCopyFilesBuildPhase section */

/* Begin PBXFileReference section */
		F310F63429C8D02E006DB727 /* Docs-Examples.app */ = {isa = PBXFileReference; explicitFileType = wrapper.application; includeInIndex = 0; path = "Docs-Examples.app"; sourceTree = BUILT_PRODUCTS_DIR; };
		F310F63729C8D02E006DB727 /* Docs_ExamplesApp.swift */ = {isa = PBXFileReference; lastKnownFileType = sourcecode.swift; path = Docs_ExamplesApp.swift; sourceTree = "<group>"; };
		F310F63929C8D02E006DB727 /* ContentView.swift */ = {isa = PBXFileReference; lastKnownFileType = sourcecode.swift; path = ContentView.swift; sourceTree = "<group>"; };
		F310F63B29C8D031006DB727 /* Assets.xcassets */ = {isa = PBXFileReference; lastKnownFileType = folder.assetcatalog; path = Assets.xcassets; sourceTree = "<group>"; };
		F310F63E29C8D031006DB727 /* Preview Assets.xcassets */ = {isa = PBXFileReference; lastKnownFileType = folder.assetcatalog; path = "Preview Assets.xcassets"; sourceTree = "<group>"; };
		F31BF86F2A6BB69A002E7AC2 /* GeofencingView.swift */ = {isa = PBXFileReference; fileEncoding = 4; lastKnownFileType = sourcecode.swift; name = GeofencingView.swift; path = ../../../../geofencing/GeofencingView.swift; sourceTree = "<group>"; };
		F31BF8752A6C3E56002E7AC2 /* GeofenceInputView.swift */ = {isa = PBXFileReference; lastKnownFileType = sourcecode.swift; path = GeofenceInputView.swift; sourceTree = "<group>"; };
		F31BF8792A6E4A09002E7AC2 /* MediaStreamInputView.swift */ = {isa = PBXFileReference; lastKnownFileType = sourcecode.swift; path = MediaStreamInputView.swift; sourceTree = "<group>"; };
		F31BF87C2A6E4C91002E7AC2 /* StreamMediaView.swift */ = {isa = PBXFileReference; fileEncoding = 4; lastKnownFileType = sourcecode.swift; name = StreamMediaView.swift; path = "../../../../play-media/StreamMediaView.swift"; sourceTree = "<group>"; };
		F31BF8802A6E9105002E7AC2 /* MediaPicker.swift */ = {isa = PBXFileReference; lastKnownFileType = sourcecode.swift; path = MediaPicker.swift; sourceTree = "<group>"; };
		F31BF8882A6EC37F002E7AC2 /* en */ = {isa = PBXFileReference; lastKnownFileType = text.plist.strings; name = en; path = en.lproj/Localizable.strings; sourceTree = "<group>"; };
		F32AF8992A8A9A7B00A27ED1 /* MultiChannelInputView.swift */ = {isa = PBXFileReference; lastKnownFileType = sourcecode.swift; path = MultiChannelInputView.swift; sourceTree = "<group>"; };
		F32AF89E2A8A9D1A00A27ED1 /* ChannelRelayView.swift */ = {isa = PBXFileReference; fileEncoding = 4; lastKnownFileType = sourcecode.swift; name = ChannelRelayView.swift; path = "../../../../live-streaming-over-multiple-channels/ChannelRelayView.swift"; sourceTree = "<group>"; };
		F32AF89F2A8A9D1A00A27ED1 /* README.md */ = {isa = PBXFileReference; fileEncoding = 4; lastKnownFileType = net.daringfireball.markdown; name = README.md; path = "../../../../live-streaming-over-multiple-channels/README.md"; sourceTree = "<group>"; };
		F34266582A6AD2960086B920 /* RawMediaProcessingView.swift */ = {isa = PBXFileReference; fileEncoding = 4; lastKnownFileType = sourcecode.swift; name = RawMediaProcessingView.swift; path = "../../../../stream-raw-audio-and-video/RawMediaProcessingView.swift"; sourceTree = "<group>"; };
		F342665A2A6AD2A30086B920 /* README.md */ = {isa = PBXFileReference; fileEncoding = 4; lastKnownFileType = net.daringfireball.markdown; name = README.md; path = "../../../../stream-raw-audio-and-video/README.md"; sourceTree = "<group>"; };
		F342665C2A6AD3690086B920 /* ModifyVideoFrameDelegate.swift */ = {isa = PBXFileReference; fileEncoding = 4; lastKnownFileType = sourcecode.swift; name = ModifyVideoFrameDelegate.swift; path = "../../../../stream-raw-audio-and-video/ModifyVideoFrameDelegate.swift"; sourceTree = "<group>"; };
		F344ED982A45942A00B3C313 /* AgoraCameraSourcePush.swift */ = {isa = PBXFileReference; fileEncoding = 4; lastKnownFileType = sourcecode.swift; name = AgoraCameraSourcePush.swift; path = "../custom-video-and-audio/AgoraCameraSourcePush.swift"; sourceTree = SOURCE_ROOT; };
		F344ED992A45942A00B3C313 /* CustomAudioVideoView.swift */ = {isa = PBXFileReference; fileEncoding = 4; lastKnownFileType = sourcecode.swift; name = CustomAudioVideoView.swift; path = "../custom-video-and-audio/CustomAudioVideoView.swift"; sourceTree = SOURCE_ROOT; };
		F344ED9C2A45943400B3C313 /* README.md */ = {isa = PBXFileReference; lastKnownFileType = net.daringfireball.markdown; name = README.md; path = "../../../../custom-video-and-audio/README.md"; sourceTree = "<group>"; };
		F344ED9D2A494CE700B3C313 /* CustomCameraInputView.swift */ = {isa = PBXFileReference; fileEncoding = 4; lastKnownFileType = sourcecode.swift; path = CustomCameraInputView.swift; sourceTree = "<group>"; };
		F344ED9F2A496FF400B3C313 /* AgoraCustomVideoCanvasView.swift */ = {isa = PBXFileReference; fileEncoding = 4; lastKnownFileType = sourcecode.swift; name = AgoraCustomVideoCanvasView.swift; path = "../custom-video-and-audio/AgoraCustomVideoCanvasView.swift"; sourceTree = SOURCE_ROOT; };
		F348B3962A4D7BDC00AF6B9B /* config.json */ = {isa = PBXFileReference; fileEncoding = 4; lastKnownFileType = text.json; name = config.json; path = "../agora-manager/config.json"; sourceTree = SOURCE_ROOT; };
		F35A427F2A6973F300FF93D5 /* NavigationLazyView.swift */ = {isa = PBXFileReference; lastKnownFileType = sourcecode.swift; path = NavigationLazyView.swift; sourceTree = "<group>"; };
		F35A42812A69750300FF93D5 /* VisualEffectView.swift */ = {isa = PBXFileReference; lastKnownFileType = sourcecode.swift; path = VisualEffectView.swift; sourceTree = "<group>"; };
		F372069829C8EE420029EEC8 /* Info.plist */ = {isa = PBXFileReference; lastKnownFileType = text.plist; path = Info.plist; sourceTree = "<group>"; };
		F3A88CCC2A1DE629000B2292 /* GettingStartedView.swift */ = {isa = PBXFileReference; fileEncoding = 4; lastKnownFileType = sourcecode.swift; name = GettingStartedView.swift; path = "../../../../get-started-sdk/GettingStartedView.swift"; sourceTree = "<group>"; };
		F3A88CCD2A1DE629000B2292 /* README.md */ = {isa = PBXFileReference; fileEncoding = 4; lastKnownFileType = net.daringfireball.markdown; name = README.md; path = "../../../../get-started-sdk/README.md"; sourceTree = "<group>"; };
		F3A88CD12A1DE645000B2292 /* README.md */ = {isa = PBXFileReference; fileEncoding = 4; lastKnownFileType = net.daringfireball.markdown; name = README.md; path = "../../../../ensure-channel-quality/README.md"; sourceTree = "<group>"; };
		F3A88CD22A1DE645000B2292 /* CallQualityView.swift */ = {isa = PBXFileReference; fileEncoding = 4; lastKnownFileType = sourcecode.swift; name = CallQualityView.swift; path = "../../../../ensure-channel-quality/CallQualityView.swift"; sourceTree = "<group>"; };
		F3A88CD62A1DE663000B2292 /* README.md */ = {isa = PBXFileReference; fileEncoding = 4; lastKnownFileType = net.daringfireball.markdown; name = README.md; path = "../../../../authentication-workflow/README.md"; sourceTree = "<group>"; };
		F3A88CD72A1DE663000B2292 /* TokenAuthenticationView.swift */ = {isa = PBXFileReference; fileEncoding = 4; lastKnownFileType = sourcecode.swift; name = TokenAuthenticationView.swift; path = "../../../../authentication-workflow/TokenAuthenticationView.swift"; sourceTree = "<group>"; };
		F3A88CE02A1DF2F1000B2292 /* ScreenShareAndVolumeView.swift */ = {isa = PBXFileReference; fileEncoding = 4; lastKnownFileType = sourcecode.swift; name = ScreenShareAndVolumeView.swift; path = "../../../../product-workflow/ScreenShareAndVolumeView.swift"; sourceTree = "<group>"; };
		F3A88CE12A1DF2F1000B2292 /* README.md */ = {isa = PBXFileReference; fileEncoding = 4; lastKnownFileType = net.daringfireball.markdown; name = README.md; path = "../../../../product-workflow/README.md"; sourceTree = "<group>"; };
		F3A88CE82A1E0405000B2292 /* screenSharer.appex */ = {isa = PBXFileReference; explicitFileType = "wrapper.app-extension"; includeInIndex = 0; path = screenSharer.appex; sourceTree = BUILT_PRODUCTS_DIR; };
		F3A88CEA2A1E0405000B2292 /* ReplayKit.framework */ = {isa = PBXFileReference; lastKnownFileType = wrapper.framework; name = ReplayKit.framework; path = System/Library/Frameworks/ReplayKit.framework; sourceTree = SDKROOT; };
		F3A88CED2A1E0405000B2292 /* SampleHandler.swift */ = {isa = PBXFileReference; lastKnownFileType = sourcecode.swift; path = SampleHandler.swift; sourceTree = "<group>"; };
		F3A88CEF2A1E0405000B2292 /* Info.plist */ = {isa = PBXFileReference; lastKnownFileType = text.plist.xml; path = Info.plist; sourceTree = "<group>"; };
		F3A88CF82A1E05F1000B2292 /* Docs-Examples.entitlements */ = {isa = PBXFileReference; lastKnownFileType = text.plist.entitlements; path = "Docs-Examples.entitlements"; sourceTree = "<group>"; };
		F3A88CF92A1E0627000B2292 /* screenSharer.entitlements */ = {isa = PBXFileReference; lastKnownFileType = text.plist.entitlements; path = screenSharer.entitlements; sourceTree = "<group>"; };
		F3A88CFC2A1E17E0000B2292 /* RPSystemBroadcastPickerWrapper.swift */ = {isa = PBXFileReference; lastKnownFileType = sourcecode.swift; name = RPSystemBroadcastPickerWrapper.swift; path = "../../../../product-workflow/RPSystemBroadcastPickerWrapper.swift"; sourceTree = "<group>"; };
		F3C06BB42A4D861200F59BC2 /* DocsAppConfig.swift */ = {isa = PBXFileReference; lastKnownFileType = sourcecode.swift; name = DocsAppConfig.swift; path = "../../../../agora-manager/DocsAppConfig.swift"; sourceTree = "<group>"; };
		F3CA2CDA29C97AF400561441 /* Documentation.docc */ = {isa = PBXFileReference; lastKnownFileType = folder.documentationcatalog; path = Documentation.docc; sourceTree = "<group>"; };
		F3CA2CE329CB00F400561441 /* AgoraVideoCanvasView.swift */ = {isa = PBXFileReference; lastKnownFileType = sourcecode.swift; name = AgoraVideoCanvasView.swift; path = "../../../../agora-manager/AgoraVideoCanvasView.swift"; sourceTree = "<group>"; };
		F3D7BD4629DB30680014DEC0 /* AgoraManager.swift */ = {isa = PBXFileReference; lastKnownFileType = sourcecode.swift; name = AgoraManager.swift; path = "../../../../agora-manager/AgoraManager.swift"; sourceTree = "<group>"; };
		F3D7BD4E29DB42D00014DEC0 /* ChannelInputView.swift */ = {isa = PBXFileReference; lastKnownFileType = sourcecode.swift; path = ChannelInputView.swift; sourceTree = "<group>"; };
		F3D7BD5029DB46BB0014DEC0 /* TokenAuthInputView.swift */ = {isa = PBXFileReference; lastKnownFileType = sourcecode.swift; path = TokenAuthInputView.swift; sourceTree = "<group>"; };
		F3E59CBA2A57257300EC2B2E /* View+Extensions.swift */ = {isa = PBXFileReference; lastKnownFileType = sourcecode.swift; path = "View+Extensions.swift"; sourceTree = "<group>"; };
		F3E8E6F12A42E56E00E6B774 /* README.md */ = {isa = PBXFileReference; fileEncoding = 4; lastKnownFileType = net.daringfireball.markdown; name = README.md; path = "../../../../media-stream-encryption/README.md"; sourceTree = "<group>"; };
		F3E8E6F22A42E56E00E6B774 /* MediaEncryptionView.swift */ = {isa = PBXFileReference; fileEncoding = 4; lastKnownFileType = sourcecode.swift; name = MediaEncryptionView.swift; path = "../../../../media-stream-encryption/MediaEncryptionView.swift"; sourceTree = "<group>"; };
		F3E8E6F62A42EAD100E6B774 /* README.md */ = {isa = PBXFileReference; fileEncoding = 4; lastKnownFileType = net.daringfireball.markdown; name = README.md; path = "../../../../cloud-proxy/README.md"; sourceTree = "<group>"; };
		F3E8E6F72A42EAD100E6B774 /* CloudProxyView.swift */ = {isa = PBXFileReference; fileEncoding = 4; lastKnownFileType = sourcecode.swift; name = CloudProxyView.swift; path = "../../../../cloud-proxy/CloudProxyView.swift"; sourceTree = "<group>"; };
		F3E8E6FA2A42F60500E6B774 /* ProxyInputView.swift */ = {isa = PBXFileReference; fileEncoding = 4; lastKnownFileType = sourcecode.swift; path = ProxyInputView.swift; sourceTree = "<group>"; };
		F3E8E6FC2A43E8AD00E6B774 /* EncryptionKeysInputView.swift */ = {isa = PBXFileReference; lastKnownFileType = sourcecode.swift; path = EncryptionKeysInputView.swift; sourceTree = "<group>"; };
		F3F104662A73C1CC00220C3A /* README.md */ = {isa = PBXFileReference; fileEncoding = 4; lastKnownFileType = net.daringfireball.markdown; name = README.md; path = ../../../../geofencing/README.md; sourceTree = "<group>"; };
		F3F104682A73C4CF00220C3A /* README.md */ = {isa = PBXFileReference; fileEncoding = 4; lastKnownFileType = net.daringfireball.markdown; name = README.md; path = "../../../../play-media/README.md"; sourceTree = "<group>"; };
		F3F1046B2A73CFB200220C3A /* GitHubButtonView.swift */ = {isa = PBXFileReference; lastKnownFileType = sourcecode.swift; path = GitHubButtonView.swift; sourceTree = "<group>"; };
		F3FBDEA22A6BA94A00DAB164 /* ModifyAudioFrameDelegate.swift */ = {isa = PBXFileReference; fileEncoding = 4; lastKnownFileType = sourcecode.swift; name = ModifyAudioFrameDelegate.swift; path = "../../../../stream-raw-audio-and-video/ModifyAudioFrameDelegate.swift"; sourceTree = "<group>"; };
/* End PBXFileReference section */

/* Begin PBXFrameworksBuildPhase section */
		F310F63129C8D02E006DB727 /* Frameworks */ = {
			isa = PBXFrameworksBuildPhase;
			buildActionMask = 2147483647;
			files = (
				F31BF87F2A6E8DEF002E7AC2 /* ReplayKit in Frameworks */,
				F3C571C229C8E50E0002B322 /* RtcBasic in Frameworks */,
			);
			runOnlyForDeploymentPostprocessing = 0;
		};
		F3A88CE52A1E0405000B2292 /* Frameworks */ = {
			isa = PBXFrameworksBuildPhase;
			buildActionMask = 2147483647;
			files = (
				F3A88CEB2A1E0405000B2292 /* ReplayKit.framework in Frameworks */,
				F35967182A5C35FE005CEE79 /* RtcBasic in Frameworks */,
				F35967322A5C3A66005CEE79 /* ReplayKit in Frameworks */,
			);
			runOnlyForDeploymentPostprocessing = 0;
		};
/* End PBXFrameworksBuildPhase section */

/* Begin PBXGroup section */
		F310F62B29C8D02E006DB727 = {
			isa = PBXGroup;
			children = (
				F310F63629C8D02E006DB727 /* Docs-Examples */,
				F3A88CEC2A1E0405000B2292 /* screenSharer */,
				F3A88CE92A1E0405000B2292 /* Frameworks */,
				F310F63529C8D02E006DB727 /* Products */,
			);
			sourceTree = "<group>";
		};
		F310F63529C8D02E006DB727 /* Products */ = {
			isa = PBXGroup;
			children = (
				F310F63429C8D02E006DB727 /* Docs-Examples.app */,
				F3A88CE82A1E0405000B2292 /* screenSharer.appex */,
			);
			name = Products;
			sourceTree = "<group>";
		};
		F310F63629C8D02E006DB727 /* Docs-Examples */ = {
			isa = PBXGroup;
			children = (
				F3A88CF82A1E05F1000B2292 /* Docs-Examples.entitlements */,
				F310F63929C8D02E006DB727 /* ContentView.swift */,
				F3A88CCA2A1DE5FE000B2292 /* app-stories */,
				F372069829C8EE420029EEC8 /* Info.plist */,
				F310F63729C8D02E006DB727 /* Docs_ExamplesApp.swift */,
				F33A889729E839DE0029499C /* Utilities */,
				F3CA2CDA29C97AF400561441 /* Documentation.docc */,
				F310F63B29C8D031006DB727 /* Assets.xcassets */,
				F310F63D29C8D031006DB727 /* Preview Content */,
			);
			path = "Docs-Examples";
			sourceTree = "<group>";
		};
		F310F63D29C8D031006DB727 /* Preview Content */ = {
			isa = PBXGroup;
			children = (
				F310F63E29C8D031006DB727 /* Preview Assets.xcassets */,
			);
			path = "Preview Content";
			sourceTree = "<group>";
		};
		F31BF86E2A6BB676002E7AC2 /* geofencing */ = {
			isa = PBXGroup;
			children = (
				F3F104662A73C1CC00220C3A /* README.md */,
				F31BF86F2A6BB69A002E7AC2 /* GeofencingView.swift */,
			);
			path = geofencing;
			sourceTree = "<group>";
		};
		F31BF87B2A6E4C68002E7AC2 /* play-media */ = {
			isa = PBXGroup;
			children = (
				F3F104682A73C4CF00220C3A /* README.md */,
				F31BF87C2A6E4C91002E7AC2 /* StreamMediaView.swift */,
			);
			path = "play-media";
			sourceTree = "<group>";
		};
		F31BF8822A6EC318002E7AC2 /* Strings */ = {
			isa = PBXGroup;
			children = (
				F31BF8892A6EC37F002E7AC2 /* Localizable.strings */,
			);
			path = Strings;
			sourceTree = "<group>";
		};
		F32AF89D2A8A9CEE00A27ED1 /* live-streaming-over-multiple-channels */ = {
			isa = PBXGroup;
			children = (
				F32AF89E2A8A9D1A00A27ED1 /* ChannelRelayView.swift */,
				F32AF89F2A8A9D1A00A27ED1 /* README.md */,
			);
			path = "live-streaming-over-multiple-channels";
			sourceTree = "<group>";
		};
		F33A889729E839DE0029499C /* Utilities */ = {
			isa = PBXGroup;
			children = (
				F31BF8822A6EC318002E7AC2 /* Strings */,
				F3F1046A2A73C5AC00220C3A /* Misc+Views */,
				F3F5F18F2A58252700A909DE /* SwiftUI+Extensions */,
				F3CA2CE229CB00C900561441 /* AgoraManager */,
				F3CA2CCC29C96B1600561441 /* PassParamPages */,
			);
			path = Utilities;
			sourceTree = "<group>";
		};
		F34266572A6AD2660086B920 /* stream-raw-audio-and-video */ = {
			isa = PBXGroup;
			children = (
				F342665A2A6AD2A30086B920 /* README.md */,
				F34266582A6AD2960086B920 /* RawMediaProcessingView.swift */,
				F342665C2A6AD3690086B920 /* ModifyVideoFrameDelegate.swift */,
				F3FBDEA22A6BA94A00DAB164 /* ModifyAudioFrameDelegate.swift */,
			);
			path = "stream-raw-audio-and-video";
			sourceTree = "<group>";
		};
		F3A88CCA2A1DE5FE000B2292 /* app-stories */ = {
			isa = PBXGroup;
			children = (
				F3A88CCB2A1DE618000B2292 /* get-started-sdk */,
				F3A88CD52A1DE650000B2292 /* authentication-workflow */,
				F3E8E6F52A42EABF00E6B774 /* cloud-proxy */,
				F31BF87B2A6E4C68002E7AC2 /* play-media */,
				F32AF89D2A8A9CEE00A27ED1 /* live-streaming-over-multiple-channels */,
				F3E8E6F02A42E53F00E6B774 /* media-stream-encryption */,
				F3A88CD02A1DE634000B2292 /* ensure-channel-quality */,
				F3A88CDF2A1DF27F000B2292 /* product-workflow */,
				F3A88CDA2A1DEEE0000B2292 /* custom-video-and-audio */,
				F34266572A6AD2660086B920 /* stream-raw-audio-and-video */,
				F31BF86E2A6BB676002E7AC2 /* geofencing */,
			);
			path = "app-stories";
			sourceTree = "<group>";
		};
		F3A88CCB2A1DE618000B2292 /* get-started-sdk */ = {
			isa = PBXGroup;
			children = (
				F3A88CCD2A1DE629000B2292 /* README.md */,
				F3A88CCC2A1DE629000B2292 /* GettingStartedView.swift */,
			);
			path = "get-started-sdk";
			sourceTree = "<group>";
		};
		F3A88CD02A1DE634000B2292 /* ensure-channel-quality */ = {
			isa = PBXGroup;
			children = (
				F3A88CD12A1DE645000B2292 /* README.md */,
				F3A88CD22A1DE645000B2292 /* CallQualityView.swift */,
			);
			path = "ensure-channel-quality";
			sourceTree = "<group>";
		};
		F3A88CD52A1DE650000B2292 /* authentication-workflow */ = {
			isa = PBXGroup;
			children = (
				F3A88CD62A1DE663000B2292 /* README.md */,
				F3A88CD72A1DE663000B2292 /* TokenAuthenticationView.swift */,
			);
			path = "authentication-workflow";
			sourceTree = "<group>";
		};
		F3A88CDA2A1DEEE0000B2292 /* custom-video-and-audio */ = {
			isa = PBXGroup;
			children = (
				F344ED9C2A45943400B3C313 /* README.md */,
				F344ED992A45942A00B3C313 /* CustomAudioVideoView.swift */,
				F344ED982A45942A00B3C313 /* AgoraCameraSourcePush.swift */,
				F344ED9F2A496FF400B3C313 /* AgoraCustomVideoCanvasView.swift */,
			);
			path = "custom-video-and-audio";
			sourceTree = "<group>";
		};
		F3A88CDF2A1DF27F000B2292 /* product-workflow */ = {
			isa = PBXGroup;
			children = (
				F3A88CE12A1DF2F1000B2292 /* README.md */,
				F3A88CE02A1DF2F1000B2292 /* ScreenShareAndVolumeView.swift */,
				F3A88CFC2A1E17E0000B2292 /* RPSystemBroadcastPickerWrapper.swift */,
			);
			path = "product-workflow";
			sourceTree = "<group>";
		};
		F3A88CE92A1E0405000B2292 /* Frameworks */ = {
			isa = PBXGroup;
			children = (
				F3A88CEA2A1E0405000B2292 /* ReplayKit.framework */,
			);
			name = Frameworks;
			sourceTree = "<group>";
		};
		F3A88CEC2A1E0405000B2292 /* screenSharer */ = {
			isa = PBXGroup;
			children = (
				F3A88CF92A1E0627000B2292 /* screenSharer.entitlements */,
				F3A88CED2A1E0405000B2292 /* SampleHandler.swift */,
				F3A88CEF2A1E0405000B2292 /* Info.plist */,
			);
			path = screenSharer;
			sourceTree = "<group>";
		};
		F3CA2CCC29C96B1600561441 /* PassParamPages */ = {
			isa = PBXGroup;
			children = (
				F3D7BD4E29DB42D00014DEC0 /* ChannelInputView.swift */,
				F32AF8992A8A9A7B00A27ED1 /* MultiChannelInputView.swift */,
				F31BF8792A6E4A09002E7AC2 /* MediaStreamInputView.swift */,
				F31BF8752A6C3E56002E7AC2 /* GeofenceInputView.swift */,
				F3D7BD5029DB46BB0014DEC0 /* TokenAuthInputView.swift */,
				F3E8E6FC2A43E8AD00E6B774 /* EncryptionKeysInputView.swift */,
				F344ED9D2A494CE700B3C313 /* CustomCameraInputView.swift */,
				F3E8E6FA2A42F60500E6B774 /* ProxyInputView.swift */,
			);
			path = PassParamPages;
			sourceTree = "<group>";
		};
		F3CA2CE229CB00C900561441 /* AgoraManager */ = {
			isa = PBXGroup;
			children = (
				F348B3962A4D7BDC00AF6B9B /* config.json */,
				F3D7BD4629DB30680014DEC0 /* AgoraManager.swift */,
				F3C06BB42A4D861200F59BC2 /* DocsAppConfig.swift */,
				F3CA2CE329CB00F400561441 /* AgoraVideoCanvasView.swift */,
			);
			path = AgoraManager;
			sourceTree = "<group>";
		};
		F3E8E6F02A42E53F00E6B774 /* media-stream-encryption */ = {
			isa = PBXGroup;
			children = (
				F3E8E6F12A42E56E00E6B774 /* README.md */,
				F3E8E6F22A42E56E00E6B774 /* MediaEncryptionView.swift */,
			);
			path = "media-stream-encryption";
			sourceTree = "<group>";
		};
		F3E8E6F52A42EABF00E6B774 /* cloud-proxy */ = {
			isa = PBXGroup;
			children = (
				F3E8E6F62A42EAD100E6B774 /* README.md */,
				F3E8E6F72A42EAD100E6B774 /* CloudProxyView.swift */,
			);
			path = "cloud-proxy";
			sourceTree = "<group>";
		};
		F3F1046A2A73C5AC00220C3A /* Misc+Views */ = {
			isa = PBXGroup;
			children = (
				F3F1046B2A73CFB200220C3A /* GitHubButtonView.swift */,
			);
			path = "Misc+Views";
			sourceTree = "<group>";
		};
		F3F5F18F2A58252700A909DE /* SwiftUI+Extensions */ = {
			isa = PBXGroup;
			children = (
				F3E59CBA2A57257300EC2B2E /* View+Extensions.swift */,
				F35A42812A69750300FF93D5 /* VisualEffectView.swift */,
				F35A427F2A6973F300FF93D5 /* NavigationLazyView.swift */,
				F31BF8802A6E9105002E7AC2 /* MediaPicker.swift */,
			);
			path = "SwiftUI+Extensions";
			sourceTree = "<group>";
		};
/* End PBXGroup section */

/* Begin PBXNativeTarget section */
		F310F63329C8D02E006DB727 /* Docs-Examples */ = {
			isa = PBXNativeTarget;
			buildConfigurationList = F310F64229C8D031006DB727 /* Build configuration list for PBXNativeTarget "Docs-Examples" */;
			buildPhases = (
				F310F63029C8D02E006DB727 /* Sources */,
				F310F63129C8D02E006DB727 /* Frameworks */,
				F310F63229C8D02E006DB727 /* Resources */,
				F3A88CF22A1E0405000B2292 /* Embed Foundation Extensions */,
				F391AA482A4E98CE0098E597 /* Check App ID */,
			);
			buildRules = (
			);
			dependencies = (
				F3A88CF12A1E0405000B2292 /* PBXTargetDependency */,
			);
			name = "Docs-Examples";
			packageProductDependencies = (
				F3C571C129C8E50E0002B322 /* RtcBasic */,
				F31BF87E2A6E8DEF002E7AC2 /* ReplayKit */,
			);
			productName = "Docs-Examples";
			productReference = F310F63429C8D02E006DB727 /* Docs-Examples.app */;
			productType = "com.apple.product-type.application";
		};
		F3A88CE72A1E0405000B2292 /* screenSharer */ = {
			isa = PBXNativeTarget;
			buildConfigurationList = F3A88CF42A1E0405000B2292 /* Build configuration list for PBXNativeTarget "screenSharer" */;
			buildPhases = (
				F3A88CE42A1E0405000B2292 /* Sources */,
				F3A88CE52A1E0405000B2292 /* Frameworks */,
				F3A88CE62A1E0405000B2292 /* Resources */,
			);
			buildRules = (
			);
			dependencies = (
			);
			name = screenSharer;
			packageProductDependencies = (
				F35967172A5C35FE005CEE79 /* RtcBasic */,
				F35967312A5C3A66005CEE79 /* ReplayKit */,
			);
			productName = screenSharer;
			productReference = F3A88CE82A1E0405000B2292 /* screenSharer.appex */;
			productType = "com.apple.product-type.app-extension";
		};
/* End PBXNativeTarget section */

/* Begin PBXProject section */
		F310F62C29C8D02E006DB727 /* Project object */ = {
			isa = PBXProject;
			attributes = {
				BuildIndependentTargetsInParallel = 1;
				LastSwiftUpdateCheck = 1430;
				LastUpgradeCheck = 1420;
				TargetAttributes = {
					F310F63329C8D02E006DB727 = {
						CreatedOnToolsVersion = 14.2;
					};
					F3A88CE72A1E0405000B2292 = {
						CreatedOnToolsVersion = 14.3;
					};
				};
			};
			buildConfigurationList = F310F62F29C8D02E006DB727 /* Build configuration list for PBXProject "Docs-Examples" */;
			compatibilityVersion = "Xcode 14.0";
			developmentRegion = en;
			hasScannedForEncodings = 0;
			knownRegions = (
				en,
				Base,
			);
			mainGroup = F310F62B29C8D02E006DB727;
			packageReferences = (
				F3C571C029C8E50E0002B322 /* XCRemoteSwiftPackageReference "AgoraRtcEngine_iOS" */,
			);
			productRefGroup = F310F63529C8D02E006DB727 /* Products */;
			projectDirPath = "";
			projectRoot = "";
			targets = (
				F310F63329C8D02E006DB727 /* Docs-Examples */,
				F3A88CE72A1E0405000B2292 /* screenSharer */,
			);
		};
/* End PBXProject section */

/* Begin PBXResourcesBuildPhase section */
		F310F63229C8D02E006DB727 /* Resources */ = {
			isa = PBXResourcesBuildPhase;
			buildActionMask = 2147483647;
			files = (
				F31BF8862A6EC37F002E7AC2 /* Localizable.strings in Resources */,
				F310F63F29C8D031006DB727 /* Preview Assets.xcassets in Resources */,
				F310F63C29C8D031006DB727 /* Assets.xcassets in Resources */,
				F348B3972A4D7BDC00AF6B9B /* config.json in Resources */,
			);
			runOnlyForDeploymentPostprocessing = 0;
		};
		F3A88CE62A1E0405000B2292 /* Resources */ = {
			isa = PBXResourcesBuildPhase;
			buildActionMask = 2147483647;
			files = (
				F3C06BB32A4D85FC00F59BC2 /* config.json in Resources */,
				F31BF8872A6EC37F002E7AC2 /* Localizable.strings in Resources */,
			);
			runOnlyForDeploymentPostprocessing = 0;
		};
/* End PBXResourcesBuildPhase section */

/* Begin PBXShellScriptBuildPhase section */
		F391AA482A4E98CE0098E597 /* Check App ID */ = {
			isa = PBXShellScriptBuildPhase;
			alwaysOutOfDate = 1;
			buildActionMask = 2147483647;
			files = (
			);
			inputFileListPaths = (
			);
			inputPaths = (
			);
			name = "Check App ID";
			outputFileListPaths = (
			);
			outputPaths = (
			);
			runOnlyForDeploymentPostprocessing = 0;
			shellPath = /bin/zsh;
			shellScript = "# Get the path of the JSON file\nJSON_FILE_PATH=\"${SRCROOT}/../agora-manager/config.json\"\n\n# Check if jq is installed\nif ! [ -x \"$(command -v jq)\" ]; then\n  echo \"warning: jq is not installed. json validation skipped.\" >&2\nelse\n\n  # Check if the JSON file exists\n  if [ -f \"${JSON_FILE_PATH}\" ]; then\n\n    # Read the JSON file contents\n    JSON_CONTENTS=$(cat \"${JSON_FILE_PATH}\")\n\n    # Validate the JSON \n    if ! (echo \"$JSON_CONTENTS\" | jq -e . >/dev/null 2>&1); then\n      echo \"error: config.json is invalid JSON\"\n      exit 1 \n    fi\n\n    # Extract the appId value\n    APP_ID_VALUE=$(echo \"${JSON_CONTENTS}\" | jq -r '.appId')\n\n    # Check if appId is empty\n    if [ \"${APP_ID_VALUE}\" = \"\" ]; then\n      echo \"warning: The 'appId' key should have a valid Agora App ID. See config.json and https://console.agora.io\"\n    fi\n\n  fi\n\nfi\n";
		};
/* End PBXShellScriptBuildPhase section */

/* Begin PBXSourcesBuildPhase section */
		F310F63029C8D02E006DB727 /* Sources */ = {
			isa = PBXSourcesBuildPhase;
			buildActionMask = 2147483647;
			files = (
				F3A88CD42A1DE645000B2292 /* CallQualityView.swift in Sources */,
				F3A88CD92A1DE663000B2292 /* TokenAuthenticationView.swift in Sources */,
				F3E59CBB2A57257300EC2B2E /* View+Extensions.swift in Sources */,
				F3D7BD4F29DB42D00014DEC0 /* ChannelInputView.swift in Sources */,
				F3D7BD5129DB46BB0014DEC0 /* TokenAuthInputView.swift in Sources */,
				F35A42822A69750400FF93D5 /* VisualEffectView.swift in Sources */,
				F3E8E6F42A42E56E00E6B774 /* MediaEncryptionView.swift in Sources */,
				F31BF8762A6C3E56002E7AC2 /* GeofenceInputView.swift in Sources */,
				F32AF8A02A8A9D1B00A27ED1 /* ChannelRelayView.swift in Sources */,
				F344ED9A2A45942B00B3C313 /* AgoraCameraSourcePush.swift in Sources */,
				F31BF87D2A6E4C91002E7AC2 /* StreamMediaView.swift in Sources */,
				F31BF8812A6E9105002E7AC2 /* MediaPicker.swift in Sources */,
				F34266592A6AD2960086B920 /* RawMediaProcessingView.swift in Sources */,
				F310F63A29C8D02E006DB727 /* ContentView.swift in Sources */,
				F32AF89A2A8A9A7B00A27ED1 /* MultiChannelInputView.swift in Sources */,
				F3FBDEA32A6BA94A00DAB164 /* ModifyAudioFrameDelegate.swift in Sources */,
				F31BF8712A6BB69A002E7AC2 /* GeofencingView.swift in Sources */,
				F3D7BD4729DB30680014DEC0 /* AgoraManager.swift in Sources */,
				F344EDA02A496FF400B3C313 /* AgoraCustomVideoCanvasView.swift in Sources */,
				F3A88CCE2A1DE629000B2292 /* GettingStartedView.swift in Sources */,
				F31BF87A2A6E4A09002E7AC2 /* MediaStreamInputView.swift in Sources */,
				F342665D2A6AD3690086B920 /* ModifyVideoFrameDelegate.swift in Sources */,
				F35A42802A6973F300FF93D5 /* NavigationLazyView.swift in Sources */,
				F3CA2CDB29C97AF400561441 /* Documentation.docc in Sources */,
				F3F1046C2A73CFB200220C3A /* GitHubButtonView.swift in Sources */,
				F3A88CFD2A1E17E0000B2292 /* RPSystemBroadcastPickerWrapper.swift in Sources */,
				F3E8E6FD2A43E8AD00E6B774 /* EncryptionKeysInputView.swift in Sources */,
				F3C06BB52A4D861200F59BC2 /* DocsAppConfig.swift in Sources */,
				F3E8E6F92A42EAD100E6B774 /* CloudProxyView.swift in Sources */,
				F3E8E6FB2A42F60500E6B774 /* ProxyInputView.swift in Sources */,
				F310F63829C8D02E006DB727 /* Docs_ExamplesApp.swift in Sources */,
				F3A88CE22A1DF2F1000B2292 /* ScreenShareAndVolumeView.swift in Sources */,
				F344ED9E2A494CE700B3C313 /* CustomCameraInputView.swift in Sources */,
				F3CA2CE429CB00F400561441 /* AgoraVideoCanvasView.swift in Sources */,
				F344ED9B2A45942B00B3C313 /* CustomAudioVideoView.swift in Sources */,
			);
			runOnlyForDeploymentPostprocessing = 0;
		};
		F3A88CE42A1E0405000B2292 /* Sources */ = {
			isa = PBXSourcesBuildPhase;
			buildActionMask = 2147483647;
			files = (
				F3C06BB62A4D863B00F59BC2 /* DocsAppConfig.swift in Sources */,
				F3A88CEE2A1E0405000B2292 /* SampleHandler.swift in Sources */,
			);
			runOnlyForDeploymentPostprocessing = 0;
		};
/* End PBXSourcesBuildPhase section */

/* Begin PBXTargetDependency section */
		F3A88CF12A1E0405000B2292 /* PBXTargetDependency */ = {
			isa = PBXTargetDependency;
			target = F3A88CE72A1E0405000B2292 /* screenSharer */;
			targetProxy = F3A88CF02A1E0405000B2292 /* PBXContainerItemProxy */;
		};
/* End PBXTargetDependency section */

/* Begin PBXVariantGroup section */
		F31BF8892A6EC37F002E7AC2 /* Localizable.strings */ = {
			isa = PBXVariantGroup;
			children = (
				F31BF8882A6EC37F002E7AC2 /* en */,
			);
			name = Localizable.strings;
			sourceTree = "<group>";
		};
/* End PBXVariantGroup section */

/* Begin XCBuildConfiguration section */
		F310F64029C8D031006DB727 /* Debug */ = {
			isa = XCBuildConfiguration;
			buildSettings = {
				ALWAYS_SEARCH_USER_PATHS = NO;
				CLANG_ANALYZER_NONNULL = YES;
				CLANG_ANALYZER_NUMBER_OBJECT_CONVERSION = YES_AGGRESSIVE;
				CLANG_CXX_LANGUAGE_STANDARD = "gnu++20";
				CLANG_ENABLE_MODULES = YES;
				CLANG_ENABLE_OBJC_ARC = YES;
				CLANG_ENABLE_OBJC_WEAK = YES;
				CLANG_WARN_BLOCK_CAPTURE_AUTORELEASING = YES;
				CLANG_WARN_BOOL_CONVERSION = YES;
				CLANG_WARN_COMMA = YES;
				CLANG_WARN_CONSTANT_CONVERSION = YES;
				CLANG_WARN_DEPRECATED_OBJC_IMPLEMENTATIONS = YES;
				CLANG_WARN_DIRECT_OBJC_ISA_USAGE = YES_ERROR;
				CLANG_WARN_DOCUMENTATION_COMMENTS = YES;
				CLANG_WARN_EMPTY_BODY = YES;
				CLANG_WARN_ENUM_CONVERSION = YES;
				CLANG_WARN_INFINITE_RECURSION = YES;
				CLANG_WARN_INT_CONVERSION = YES;
				CLANG_WARN_NON_LITERAL_NULL_CONVERSION = YES;
				CLANG_WARN_OBJC_IMPLICIT_RETAIN_SELF = YES;
				CLANG_WARN_OBJC_LITERAL_CONVERSION = YES;
				CLANG_WARN_OBJC_ROOT_CLASS = YES_ERROR;
				CLANG_WARN_QUOTED_INCLUDE_IN_FRAMEWORK_HEADER = YES;
				CLANG_WARN_RANGE_LOOP_ANALYSIS = YES;
				CLANG_WARN_STRICT_PROTOTYPES = YES;
				CLANG_WARN_SUSPICIOUS_MOVE = YES;
				CLANG_WARN_UNGUARDED_AVAILABILITY = YES_AGGRESSIVE;
				CLANG_WARN_UNREACHABLE_CODE = YES;
				CLANG_WARN__DUPLICATE_METHOD_MATCH = YES;
				COPY_PHASE_STRIP = NO;
				DEBUG_INFORMATION_FORMAT = dwarf;
				ENABLE_STRICT_OBJC_MSGSEND = YES;
				ENABLE_TESTABILITY = YES;
				GCC_C_LANGUAGE_STANDARD = gnu11;
				GCC_DYNAMIC_NO_PIC = NO;
				GCC_NO_COMMON_BLOCKS = YES;
				GCC_OPTIMIZATION_LEVEL = 0;
				GCC_PREPROCESSOR_DEFINITIONS = (
					"DEBUG=1",
					"$(inherited)",
				);
				GCC_WARN_64_TO_32_BIT_CONVERSION = YES;
				GCC_WARN_ABOUT_RETURN_TYPE = YES_ERROR;
				GCC_WARN_UNDECLARED_SELECTOR = YES;
				GCC_WARN_UNINITIALIZED_AUTOS = YES_AGGRESSIVE;
				GCC_WARN_UNUSED_FUNCTION = YES;
				GCC_WARN_UNUSED_VARIABLE = YES;
				IPHONEOS_DEPLOYMENT_TARGET = 16.2;
				MTL_ENABLE_DEBUG_INFO = INCLUDE_SOURCE;
				MTL_FAST_MATH = YES;
				ONLY_ACTIVE_ARCH = YES;
				SDKROOT = iphoneos;
				SWIFT_ACTIVE_COMPILATION_CONDITIONS = DEBUG;
				SWIFT_OPTIMIZATION_LEVEL = "-Onone";
			};
			name = Debug;
		};
		F310F64129C8D031006DB727 /* Release */ = {
			isa = XCBuildConfiguration;
			buildSettings = {
				ALWAYS_SEARCH_USER_PATHS = NO;
				CLANG_ANALYZER_NONNULL = YES;
				CLANG_ANALYZER_NUMBER_OBJECT_CONVERSION = YES_AGGRESSIVE;
				CLANG_CXX_LANGUAGE_STANDARD = "gnu++20";
				CLANG_ENABLE_MODULES = YES;
				CLANG_ENABLE_OBJC_ARC = YES;
				CLANG_ENABLE_OBJC_WEAK = YES;
				CLANG_WARN_BLOCK_CAPTURE_AUTORELEASING = YES;
				CLANG_WARN_BOOL_CONVERSION = YES;
				CLANG_WARN_COMMA = YES;
				CLANG_WARN_CONSTANT_CONVERSION = YES;
				CLANG_WARN_DEPRECATED_OBJC_IMPLEMENTATIONS = YES;
				CLANG_WARN_DIRECT_OBJC_ISA_USAGE = YES_ERROR;
				CLANG_WARN_DOCUMENTATION_COMMENTS = YES;
				CLANG_WARN_EMPTY_BODY = YES;
				CLANG_WARN_ENUM_CONVERSION = YES;
				CLANG_WARN_INFINITE_RECURSION = YES;
				CLANG_WARN_INT_CONVERSION = YES;
				CLANG_WARN_NON_LITERAL_NULL_CONVERSION = YES;
				CLANG_WARN_OBJC_IMPLICIT_RETAIN_SELF = YES;
				CLANG_WARN_OBJC_LITERAL_CONVERSION = YES;
				CLANG_WARN_OBJC_ROOT_CLASS = YES_ERROR;
				CLANG_WARN_QUOTED_INCLUDE_IN_FRAMEWORK_HEADER = YES;
				CLANG_WARN_RANGE_LOOP_ANALYSIS = YES;
				CLANG_WARN_STRICT_PROTOTYPES = YES;
				CLANG_WARN_SUSPICIOUS_MOVE = YES;
				CLANG_WARN_UNGUARDED_AVAILABILITY = YES_AGGRESSIVE;
				CLANG_WARN_UNREACHABLE_CODE = YES;
				CLANG_WARN__DUPLICATE_METHOD_MATCH = YES;
				COPY_PHASE_STRIP = NO;
				DEBUG_INFORMATION_FORMAT = "dwarf-with-dsym";
				ENABLE_NS_ASSERTIONS = NO;
				ENABLE_STRICT_OBJC_MSGSEND = YES;
				GCC_C_LANGUAGE_STANDARD = gnu11;
				GCC_NO_COMMON_BLOCKS = YES;
				GCC_WARN_64_TO_32_BIT_CONVERSION = YES;
				GCC_WARN_ABOUT_RETURN_TYPE = YES_ERROR;
				GCC_WARN_UNDECLARED_SELECTOR = YES;
				GCC_WARN_UNINITIALIZED_AUTOS = YES_AGGRESSIVE;
				GCC_WARN_UNUSED_FUNCTION = YES;
				GCC_WARN_UNUSED_VARIABLE = YES;
				IPHONEOS_DEPLOYMENT_TARGET = 16.2;
				MTL_ENABLE_DEBUG_INFO = NO;
				MTL_FAST_MATH = YES;
				SDKROOT = iphoneos;
				SWIFT_COMPILATION_MODE = wholemodule;
				SWIFT_OPTIMIZATION_LEVEL = "-O";
				VALIDATE_PRODUCT = YES;
			};
			name = Release;
		};
		F310F64329C8D031006DB727 /* Debug */ = {
			isa = XCBuildConfiguration;
			buildSettings = {
				ALWAYS_EMBED_SWIFT_STANDARD_LIBRARIES = YES;
				ASSETCATALOG_COMPILER_APPICON_NAME = AppIcon;
				ASSETCATALOG_COMPILER_GLOBAL_ACCENT_COLOR_NAME = AccentColor;
				CODE_SIGN_ENTITLEMENTS = "Docs-Examples/Docs-Examples.entitlements";
				CODE_SIGN_STYLE = Automatic;
				CURRENT_PROJECT_VERSION = 1;
				DEVELOPMENT_ASSET_PATHS = "\"Docs-Examples/Preview Content\"";
				DEVELOPMENT_TEAM = 278494H572;
				ENABLE_PREVIEWS = YES;
				GENERATE_INFOPLIST_FILE = YES;
				INFOPLIST_FILE = "Docs-Examples/Info.plist";
				INFOPLIST_KEY_NSCameraUsageDescription = "";
				INFOPLIST_KEY_NSMicrophoneUsageDescription = "";
				INFOPLIST_KEY_UIApplicationSceneManifest_Generation = YES;
				INFOPLIST_KEY_UIApplicationSupportsIndirectInputEvents = YES;
				INFOPLIST_KEY_UILaunchScreen_Generation = YES;
				INFOPLIST_KEY_UISupportedInterfaceOrientations_iPad = "UIInterfaceOrientationPortrait UIInterfaceOrientationPortraitUpsideDown UIInterfaceOrientationLandscapeLeft UIInterfaceOrientationLandscapeRight";
				INFOPLIST_KEY_UISupportedInterfaceOrientations_iPhone = "UIInterfaceOrientationPortrait UIInterfaceOrientationLandscapeLeft UIInterfaceOrientationLandscapeRight";
				LD_RUNPATH_SEARCH_PATHS = (
					"$(inherited)",
					"@executable_path/Frameworks",
				);
				MARKETING_VERSION = 1.0;
				PRODUCT_BUNDLE_IDENTIFIER = "uk.rocketar.Docs-Examples.example";
				PRODUCT_NAME = "$(TARGET_NAME)";
				SWIFT_EMIT_LOC_STRINGS = YES;
				SWIFT_VERSION = 5.0;
				TARGETED_DEVICE_FAMILY = "1,2";
			};
			name = Debug;
		};
		F310F64429C8D031006DB727 /* Release */ = {
			isa = XCBuildConfiguration;
			buildSettings = {
				ALWAYS_EMBED_SWIFT_STANDARD_LIBRARIES = YES;
				ASSETCATALOG_COMPILER_APPICON_NAME = AppIcon;
				ASSETCATALOG_COMPILER_GLOBAL_ACCENT_COLOR_NAME = AccentColor;
				CODE_SIGN_ENTITLEMENTS = "Docs-Examples/Docs-Examples.entitlements";
				CODE_SIGN_STYLE = Automatic;
				CURRENT_PROJECT_VERSION = 1;
				DEVELOPMENT_ASSET_PATHS = "\"Docs-Examples/Preview Content\"";
				DEVELOPMENT_TEAM = 278494H572;
				ENABLE_PREVIEWS = YES;
				GENERATE_INFOPLIST_FILE = YES;
				INFOPLIST_FILE = "Docs-Examples/Info.plist";
				INFOPLIST_KEY_NSCameraUsageDescription = "";
				INFOPLIST_KEY_NSMicrophoneUsageDescription = "";
				INFOPLIST_KEY_UIApplicationSceneManifest_Generation = YES;
				INFOPLIST_KEY_UIApplicationSupportsIndirectInputEvents = YES;
				INFOPLIST_KEY_UILaunchScreen_Generation = YES;
				INFOPLIST_KEY_UISupportedInterfaceOrientations_iPad = "UIInterfaceOrientationPortrait UIInterfaceOrientationPortraitUpsideDown UIInterfaceOrientationLandscapeLeft UIInterfaceOrientationLandscapeRight";
				INFOPLIST_KEY_UISupportedInterfaceOrientations_iPhone = "UIInterfaceOrientationPortrait UIInterfaceOrientationLandscapeLeft UIInterfaceOrientationLandscapeRight";
				LD_RUNPATH_SEARCH_PATHS = (
					"$(inherited)",
					"@executable_path/Frameworks",
				);
				MARKETING_VERSION = 1.0;
				PRODUCT_BUNDLE_IDENTIFIER = "uk.rocketar.Docs-Examples.example";
				PRODUCT_NAME = "$(TARGET_NAME)";
				SWIFT_EMIT_LOC_STRINGS = YES;
				SWIFT_VERSION = 5.0;
				TARGETED_DEVICE_FAMILY = "1,2";
			};
			name = Release;
		};
		F3A88CF52A1E0405000B2292 /* Debug */ = {
			isa = XCBuildConfiguration;
			buildSettings = {
				CODE_SIGN_ENTITLEMENTS = screenSharer/screenSharer.entitlements;
				CODE_SIGN_STYLE = Automatic;
				CURRENT_PROJECT_VERSION = 1;
				DEVELOPMENT_TEAM = 278494H572;
				GENERATE_INFOPLIST_FILE = YES;
				INFOPLIST_FILE = screenSharer/Info.plist;
				INFOPLIST_KEY_CFBundleDisplayName = screenSharer;
				INFOPLIST_KEY_NSHumanReadableCopyright = "";
				IPHONEOS_DEPLOYMENT_TARGET = 16.4;
				LD_RUNPATH_SEARCH_PATHS = (
					"$(inherited)",
					"@executable_path/Frameworks",
					"@executable_path/../../Frameworks",
				);
				MARKETING_VERSION = 1.0;
				PRODUCT_BUNDLE_IDENTIFIER = "uk.rocketar.Docs-Examples.example.screenSharer";
				PRODUCT_NAME = "$(TARGET_NAME)";
				SKIP_INSTALL = YES;
				SWIFT_EMIT_LOC_STRINGS = YES;
				SWIFT_VERSION = 5.0;
				TARGETED_DEVICE_FAMILY = "1,2";
			};
			name = Debug;
		};
		F3A88CF62A1E0405000B2292 /* Release */ = {
			isa = XCBuildConfiguration;
			buildSettings = {
				CODE_SIGN_ENTITLEMENTS = screenSharer/screenSharer.entitlements;
				CODE_SIGN_STYLE = Automatic;
				CURRENT_PROJECT_VERSION = 1;
				DEVELOPMENT_TEAM = 278494H572;
				GENERATE_INFOPLIST_FILE = YES;
				INFOPLIST_FILE = screenSharer/Info.plist;
				INFOPLIST_KEY_CFBundleDisplayName = screenSharer;
				INFOPLIST_KEY_NSHumanReadableCopyright = "";
				IPHONEOS_DEPLOYMENT_TARGET = 16.4;
				LD_RUNPATH_SEARCH_PATHS = (
					"$(inherited)",
					"@executable_path/Frameworks",
					"@executable_path/../../Frameworks",
				);
				MARKETING_VERSION = 1.0;
				PRODUCT_BUNDLE_IDENTIFIER = "uk.rocketar.Docs-Examples.example.screenSharer";
				PRODUCT_NAME = "$(TARGET_NAME)";
				SKIP_INSTALL = YES;
				SWIFT_EMIT_LOC_STRINGS = YES;
				SWIFT_VERSION = 5.0;
				TARGETED_DEVICE_FAMILY = "1,2";
			};
			name = Release;
		};
/* End XCBuildConfiguration section */

/* Begin XCConfigurationList section */
		F310F62F29C8D02E006DB727 /* Build configuration list for PBXProject "Docs-Examples" */ = {
			isa = XCConfigurationList;
			buildConfigurations = (
				F310F64029C8D031006DB727 /* Debug */,
				F310F64129C8D031006DB727 /* Release */,
			);
			defaultConfigurationIsVisible = 0;
			defaultConfigurationName = Release;
		};
		F310F64229C8D031006DB727 /* Build configuration list for PBXNativeTarget "Docs-Examples" */ = {
			isa = XCConfigurationList;
			buildConfigurations = (
				F310F64329C8D031006DB727 /* Debug */,
				F310F64429C8D031006DB727 /* Release */,
			);
			defaultConfigurationIsVisible = 0;
			defaultConfigurationName = Release;
		};
		F3A88CF42A1E0405000B2292 /* Build configuration list for PBXNativeTarget "screenSharer" */ = {
			isa = XCConfigurationList;
			buildConfigurations = (
				F3A88CF52A1E0405000B2292 /* Debug */,
				F3A88CF62A1E0405000B2292 /* Release */,
			);
			defaultConfigurationIsVisible = 0;
			defaultConfigurationName = Release;
		};
/* End XCConfigurationList section */

/* Begin XCRemoteSwiftPackageReference section */
		F3C571C029C8E50E0002B322 /* XCRemoteSwiftPackageReference "AgoraRtcEngine_iOS" */ = {
			isa = XCRemoteSwiftPackageReference;
			repositoryURL = "https://github.com/AgoraIO/AgoraRtcEngine_iOS";
			requirement = {
				kind = upToNextMinorVersion;
				minimumVersion = 4.2.0;
			};
		};
/* End XCRemoteSwiftPackageReference section */

/* Begin XCSwiftPackageProductDependency section */
		F31BF87E2A6E8DEF002E7AC2 /* ReplayKit */ = {
			isa = XCSwiftPackageProductDependency;
			package = F3C571C029C8E50E0002B322 /* XCRemoteSwiftPackageReference "AgoraRtcEngine_iOS" */;
			productName = ReplayKit;
		};
		F35967172A5C35FE005CEE79 /* RtcBasic */ = {
			isa = XCSwiftPackageProductDependency;
			package = F3C571C029C8E50E0002B322 /* XCRemoteSwiftPackageReference "AgoraRtcEngine_iOS" */;
			productName = RtcBasic;
		};
		F35967312A5C3A66005CEE79 /* ReplayKit */ = {
			isa = XCSwiftPackageProductDependency;
			package = F3C571C029C8E50E0002B322 /* XCRemoteSwiftPackageReference "AgoraRtcEngine_iOS" */;
			productName = ReplayKit;
		};
		F3C571C129C8E50E0002B322 /* RtcBasic */ = {
			isa = XCSwiftPackageProductDependency;
			package = F3C571C029C8E50E0002B322 /* XCRemoteSwiftPackageReference "AgoraRtcEngine_iOS" */;
			productName = RtcBasic;
		};
/* End XCSwiftPackageProductDependency section */
	};
	rootObject = F310F62C29C8D02E006DB727 /* Project object */;
}
